
Microsoft Visual Studio Solution File, Format Version 12.00
# Visual Studio Version 17
VisualStudioVersion = 17.1.32319.34
MinimumVisualStudioVersion = 10.0.40219.1
Project("{9A19103F-16F7-4668-BE54-9A1E7A4F7556}") = "Domain", "Domain\Domain.csproj", "{DEFFFFE8-DC5B-42F4-BEB0-94920FDA7712}"
EndProject
Project("{9A19103F-16F7-4668-BE54-9A1E7A4F7556}") = "Common", "Common\Common.csproj", "{D7CE4D23-9D31-4D46-A250-2A6FA76E6CEA}"
EndProject
Project("{2150E333-8FDC-42A3-9474-1A3956D46DE8}") = "UnitTests", "UnitTests", "{ABDD5B21-14B2-452E-8264-A30C7A8EBC68}"
EndProject
Project("{9A19103F-16F7-4668-BE54-9A1E7A4F7556}") = "UnitTestProject1", "UnitTestProject1\UnitTestProject1.csproj", "{98924440-A0BC-418C-9A05-11EF25FC52A7}"
EndProject
Global
	GlobalSection(SolutionConfigurationPlatforms) = preSolution
		Debug|Any CPU = Debug|Any CPU
		Release|Any CPU = Release|Any CPU
	EndGlobalSection
	GlobalSection(ProjectConfigurationPlatforms) = postSolution
		{DEFFFFE8-DC5B-42F4-BEB0-94920FDA7712}.Debug|Any CPU.ActiveCfg = Debug|Any CPU
		{DEFFFFE8-DC5B-42F4-BEB0-94920FDA7712}.Debug|Any CPU.Build.0 = Debug|Any CPU
		{DEFFFFE8-DC5B-42F4-BEB0-94920FDA7712}.Release|Any CPU.ActiveCfg = Release|Any CPU
		{DEFFFFE8-DC5B-42F4-BEB0-94920FDA7712}.Release|Any CPU.Build.0 = Release|Any CPU
		{D7CE4D23-9D31-4D46-A250-2A6FA76E6CEA}.Debug|Any CPU.ActiveCfg = Debug|Any CPU
		{D7CE4D23-9D31-4D46-A250-2A6FA76E6CEA}.Debug|Any CPU.Build.0 = Debug|Any CPU
		{D7CE4D23-9D31-4D46-A250-2A6FA76E6CEA}.Release|Any CPU.ActiveCfg = Release|Any CPU
		{D7CE4D23-9D31-4D46-A250-2A6FA76E6CEA}.Release|Any CPU.Build.0 = Release|Any CPU
		{98924440-A0BC-418C-9A05-11EF25FC52A7}.Debug|Any CPU.ActiveCfg = Debug|Any CPU
		{98924440-A0BC-418C-9A05-11EF25FC52A7}.Debug|Any CPU.Build.0 = Debug|Any CPU
		{98924440-A0BC-418C-9A05-11EF25FC52A7}.Release|Any CPU.ActiveCfg = Release|Any CPU
		{98924440-A0BC-418C-9A05-11EF25FC52A7}.Release|Any CPU.Build.0 = Release|Any CPU
	EndGlobalSection
	GlobalSection(SolutionProperties) = preSolution
		HideSolutionNode = FALSE
	EndGlobalSection
	GlobalSection(NestedProjects) = preSolution
		{98924440-A0BC-418C-9A05-11EF25FC52A7} = {ABDD5B21-14B2-452E-8264-A30C7A8EBC68}
	EndGlobalSection
	GlobalSection(ExtensibilityGlobals) = postSolution
		EnterpriseLibraryConfigurationToolBinariesPath = packages\Unity.2.1.505.0\lib\NET35
		SolutionGuid = {1EFA4ADC-373A-49A5-BC0D-60711326D63A}
	EndGlobalSection
EndGlobal
